
Microsoft Visual Studio Solution File, Format Version 12.00
# Visual Studio Version 17
VisualStudioVersion = 17.10.34916.146
MinimumVisualStudioVersion = 10.0.40219.1
Project("{FAE04EC0-301F-11D3-BF4B-00C04F79EFBC}") = "application-performance-optimization", "application-performance-optimization\application-performance-optimization.csproj", "{2ECD43A0-5528-431F-857C-E9DD58E958A1}"
EndProject
Global
	GlobalSection(SolutionConfigurationPlatforms) = preSolution
		Debug|Any CPU = Debug|Any CPU
		Release|Any CPU = Release|Any CPU
	EndGlobalSection
	GlobalSection(ProjectConfigurationPlatforms) = postSolution
		{2ECD43A0-5528-431F-857C-E9DD58E958A1}.Debug|Any CPU.ActiveCfg = Debug|Any CPU
		{2ECD43A0-5528-431F-857C-E9DD58E958A1}.Debug|Any CPU.Build.0 = Debug|Any CPU
		{2ECD43A0-5528-431F-857C-E9DD58E958A1}.Release|Any CPU.ActiveCfg = Release|Any CPU
		{2ECD43A0-5528-431F-857C-E9DD58E958A1}.Release|Any CPU.Build.0 = Release|Any CPU
	EndGlobalSection
	GlobalSection(SolutionProperties) = preSolution
		HideSolutionNode = FALSE
	EndGlobalSection
	GlobalSection(ExtensibilityGlobals) = postSolution
		SolutionGuid = {F42C296E-ECE7-4DD2-9F4F-E9E85836C729}
	EndGlobalSection
EndGlobal
